// !$*UTF8*$!
{
	archiveVersion = 1;
	classes = {
	};
	objectVersion = 46;
	objects = {

/* Begin PBXBuildFile section */
		0A1440141DEB8C3400461DBD /* SwiftyBeaver.framework in Frameworks */ = {isa = PBXBuildFile; fileRef = 0A14400E1DEB8C2700461DBD /* SwiftyBeaver.framework */; };
		0A14402E1DEB8C7400461DBD /* FirebaseAnalytics.framework in Frameworks */ = {isa = PBXBuildFile; fileRef = 0A1440261DEB8C7400461DBD /* FirebaseAnalytics.framework */; };
		0A14402F1DEB8C7400461DBD /* FirebaseAnalytics.framework in Frameworks */ = {isa = PBXBuildFile; fileRef = 0A1440261DEB8C7400461DBD /* FirebaseAnalytics.framework */; };
		0A1440301DEB8C7400461DBD /* FirebaseCore.framework in Frameworks */ = {isa = PBXBuildFile; fileRef = 0A1440271DEB8C7400461DBD /* FirebaseCore.framework */; };
		0A1440311DEB8C7400461DBD /* FirebaseCore.framework in Frameworks */ = {isa = PBXBuildFile; fileRef = 0A1440271DEB8C7400461DBD /* FirebaseCore.framework */; };
		0A1440321DEB8C7400461DBD /* FirebaseDatabase.framework in Frameworks */ = {isa = PBXBuildFile; fileRef = 0A1440281DEB8C7400461DBD /* FirebaseDatabase.framework */; };
		0A1440331DEB8C7400461DBD /* FirebaseDatabase.framework in Frameworks */ = {isa = PBXBuildFile; fileRef = 0A1440281DEB8C7400461DBD /* FirebaseDatabase.framework */; };
		0A1440341DEB8C7400461DBD /* FirebaseInstanceID.framework in Frameworks */ = {isa = PBXBuildFile; fileRef = 0A1440291DEB8C7400461DBD /* FirebaseInstanceID.framework */; };
		0A1440351DEB8C7400461DBD /* FirebaseInstanceID.framework in Frameworks */ = {isa = PBXBuildFile; fileRef = 0A1440291DEB8C7400461DBD /* FirebaseInstanceID.framework */; };
		0A1440361DEB8C7400461DBD /* GoogleInterchangeUtilities.framework in Frameworks */ = {isa = PBXBuildFile; fileRef = 0A14402A1DEB8C7400461DBD /* GoogleInterchangeUtilities.framework */; };
		0A1440371DEB8C7400461DBD /* GoogleInterchangeUtilities.framework in Frameworks */ = {isa = PBXBuildFile; fileRef = 0A14402A1DEB8C7400461DBD /* GoogleInterchangeUtilities.framework */; };
		0A1440381DEB8C7400461DBD /* GoogleSymbolUtilities.framework in Frameworks */ = {isa = PBXBuildFile; fileRef = 0A14402B1DEB8C7400461DBD /* GoogleSymbolUtilities.framework */; };
		0A1440391DEB8C7400461DBD /* GoogleSymbolUtilities.framework in Frameworks */ = {isa = PBXBuildFile; fileRef = 0A14402B1DEB8C7400461DBD /* GoogleSymbolUtilities.framework */; };
		0A14403A1DEB8C7400461DBD /* GoogleToolboxForMac.framework in Frameworks */ = {isa = PBXBuildFile; fileRef = 0A14402C1DEB8C7400461DBD /* GoogleToolboxForMac.framework */; };
		0A14403B1DEB8C7400461DBD /* GoogleToolboxForMac.framework in Frameworks */ = {isa = PBXBuildFile; fileRef = 0A14402C1DEB8C7400461DBD /* GoogleToolboxForMac.framework */; };
		0A14403C1DEB8CC400461DBD /* PromiseKit.framework in Frameworks */ = {isa = PBXBuildFile; fileRef = 0A14400D1DEB8C2700461DBD /* PromiseKit.framework */; };
		0A14403E1DEB8CC400461DBD /* SwiftyBeaver.framework in Frameworks */ = {isa = PBXBuildFile; fileRef = 0A14400E1DEB8C2700461DBD /* SwiftyBeaver.framework */; };
		0A1440421DEB8CF700461DBD /* SwiftyBeaver.framework in Embed Frameworks */ = {isa = PBXBuildFile; fileRef = 0A14400E1DEB8C2700461DBD /* SwiftyBeaver.framework */; settings = {ATTRIBUTES = (CodeSignOnCopy, RemoveHeadersOnCopy, ); }; };
		0A1440441DEB8D3000461DBD /* PromiseKit.framework in Frameworks */ = {isa = PBXBuildFile; fileRef = 0A14400D1DEB8C2700461DBD /* PromiseKit.framework */; };
		0A1440451DEB8D3000461DBD /* PromiseKit.framework in Embed Frameworks */ = {isa = PBXBuildFile; fileRef = 0A14400D1DEB8C2700461DBD /* PromiseKit.framework */; settings = {ATTRIBUTES = (CodeSignOnCopy, RemoveHeadersOnCopy, ); }; };
		0A1440461DEB8D6100461DBD /* Telekinesis.framework in Frameworks */ = {isa = PBXBuildFile; fileRef = 0A14400A1DEB8C1A00461DBD /* Telekinesis.framework */; };
		0A1440471DEB8D6100461DBD /* Telekinesis.framework in Embed Frameworks */ = {isa = PBXBuildFile; fileRef = 0A14400A1DEB8C1A00461DBD /* Telekinesis.framework */; settings = {ATTRIBUTES = (CodeSignOnCopy, RemoveHeadersOnCopy, ); }; };
		0AB642A01DEB40F70073E2D7 /* AppDelegate.swift in Sources */ = {isa = PBXBuildFile; fileRef = 0AB6429F1DEB40F70073E2D7 /* AppDelegate.swift */; };
		0AB642A21DEB40F70073E2D7 /* MainViewController.swift in Sources */ = {isa = PBXBuildFile; fileRef = 0AB642A11DEB40F70073E2D7 /* MainViewController.swift */; };
		0AB642A51DEB40F70073E2D7 /* Main.storyboard in Resources */ = {isa = PBXBuildFile; fileRef = 0AB642A31DEB40F70073E2D7 /* Main.storyboard */; };
		0AB642A71DEB40F70073E2D7 /* Assets.xcassets in Resources */ = {isa = PBXBuildFile; fileRef = 0AB642A61DEB40F70073E2D7 /* Assets.xcassets */; };
		0AB642AA1DEB40F70073E2D7 /* LaunchScreen.storyboard in Resources */ = {isa = PBXBuildFile; fileRef = 0AB642A81DEB40F70073E2D7 /* LaunchScreen.storyboard */; };
		0AB642B51DEB40F70073E2D7 /* TouchHorseTests.swift in Sources */ = {isa = PBXBuildFile; fileRef = 0AB642B41DEB40F70073E2D7 /* TouchHorseTests.swift */; };
		0AB642C01DEB40F70073E2D7 /* TouchHorseUITests.swift in Sources */ = {isa = PBXBuildFile; fileRef = 0AB642BF1DEB40F70073E2D7 /* TouchHorseUITests.swift */; };
		0AB642D21DEB44FA0073E2D7 /* TouchView.swift in Sources */ = {isa = PBXBuildFile; fileRef = 0AB642D11DEB44FA0073E2D7 /* TouchView.swift */; };
		0AB642D41DEB47110073E2D7 /* ProStylin.swift in Sources */ = {isa = PBXBuildFile; fileRef = 0AB642D31DEB47110073E2D7 /* ProStylin.swift */; };
		0AB642D61DEB479D0073E2D7 /* UIHelpers.swift in Sources */ = {isa = PBXBuildFile; fileRef = 0AB642D51DEB479D0073E2D7 /* UIHelpers.swift */; };
		0AB642E11DEB6F5D0073E2D7 /* MainViewController.swift in Sources */ = {isa = PBXBuildFile; fileRef = 0AB642A11DEB40F70073E2D7 /* MainViewController.swift */; };
		0AB642E21DEB6F5D0073E2D7 /* UIHelpers.swift in Sources */ = {isa = PBXBuildFile; fileRef = 0AB642D51DEB479D0073E2D7 /* UIHelpers.swift */; };
		0AB642E31DEB6F5D0073E2D7 /* TouchView.swift in Sources */ = {isa = PBXBuildFile; fileRef = 0AB642D11DEB44FA0073E2D7 /* TouchView.swift */; };
		0AB642E41DEB6F5D0073E2D7 /* ProStylin.swift in Sources */ = {isa = PBXBuildFile; fileRef = 0AB642D31DEB47110073E2D7 /* ProStylin.swift */; };
		0AB642E51DEB6F5D0073E2D7 /* AppDelegate.swift in Sources */ = {isa = PBXBuildFile; fileRef = 0AB6429F1DEB40F70073E2D7 /* AppDelegate.swift */; };
		0AB642E91DEB6F5D0073E2D7 /* LaunchScreen.storyboard in Resources */ = {isa = PBXBuildFile; fileRef = 0AB642A81DEB40F70073E2D7 /* LaunchScreen.storyboard */; };
		0AB642EA1DEB6F5D0073E2D7 /* Assets.xcassets in Resources */ = {isa = PBXBuildFile; fileRef = 0AB642A61DEB40F70073E2D7 /* Assets.xcassets */; };
		0AB642EB1DEB6F5D0073E2D7 /* Main.storyboard in Resources */ = {isa = PBXBuildFile; fileRef = 0AB642A31DEB40F70073E2D7 /* Main.storyboard */; };
/* End PBXBuildFile section */

/* Begin PBXContainerItemProxy section */
		0AB642B11DEB40F70073E2D7 /* PBXContainerItemProxy */ = {
			isa = PBXContainerItemProxy;
			containerPortal = 0AB642941DEB40F70073E2D7 /* Project object */;
			proxyType = 1;
			remoteGlobalIDString = 0AB6429B1DEB40F70073E2D7;
			remoteInfo = TouchHorse;
		};
		0AB642BC1DEB40F70073E2D7 /* PBXContainerItemProxy */ = {
			isa = PBXContainerItemProxy;
			containerPortal = 0AB642941DEB40F70073E2D7 /* Project object */;
			proxyType = 1;
			remoteGlobalIDString = 0AB6429B1DEB40F70073E2D7;
			remoteInfo = TouchHorse;
		};
/* End PBXContainerItemProxy section */

/* Begin PBXCopyFilesBuildPhase section */
		0A1440431DEB8CF700461DBD /* Embed Frameworks */ = {
			isa = PBXCopyFilesBuildPhase;
			buildActionMask = 2147483647;
			dstPath = "";
			dstSubfolderSpec = 10;
			files = (
				0A1440421DEB8CF700461DBD /* SwiftyBeaver.framework in Embed Frameworks */,
				0A1440451DEB8D3000461DBD /* PromiseKit.framework in Embed Frameworks */,
				0A1440471DEB8D6100461DBD /* Telekinesis.framework in Embed Frameworks */,
			);
			name = "Embed Frameworks";
			runOnlyForDeploymentPostprocessing = 0;
		};
/* End PBXCopyFilesBuildPhase section */

/* Begin PBXFileReference section */
		0A14400A1DEB8C1A00461DBD /* Telekinesis.framework */ = {isa = PBXFileReference; lastKnownFileType = wrapper.framework; name = Telekinesis.framework; path = Frameworks/Telekinesis.framework; sourceTree = "<group>"; };
		0A14400D1DEB8C2700461DBD /* PromiseKit.framework */ = {isa = PBXFileReference; lastKnownFileType = wrapper.framework; name = PromiseKit.framework; path = Carthage/Build/iOS/PromiseKit.framework; sourceTree = "<group>"; };
		0A14400E1DEB8C2700461DBD /* SwiftyBeaver.framework */ = {isa = PBXFileReference; lastKnownFileType = wrapper.framework; name = SwiftyBeaver.framework; path = Carthage/Build/iOS/SwiftyBeaver.framework; sourceTree = "<group>"; };
		0A1440251DEB8C7400461DBD /* Firebase.h */ = {isa = PBXFileReference; fileEncoding = 4; lastKnownFileType = sourcecode.c.h; name = Firebase.h; path = Frameworks/Firebase/Firebase.h; sourceTree = "<group>"; };
		0A1440261DEB8C7400461DBD /* FirebaseAnalytics.framework */ = {isa = PBXFileReference; lastKnownFileType = wrapper.framework; name = FirebaseAnalytics.framework; path = Frameworks/Firebase/FirebaseAnalytics.framework; sourceTree = "<group>"; };
		0A1440271DEB8C7400461DBD /* FirebaseCore.framework */ = {isa = PBXFileReference; lastKnownFileType = wrapper.framework; name = FirebaseCore.framework; path = Frameworks/Firebase/FirebaseCore.framework; sourceTree = "<group>"; };
		0A1440281DEB8C7400461DBD /* FirebaseDatabase.framework */ = {isa = PBXFileReference; lastKnownFileType = wrapper.framework; name = FirebaseDatabase.framework; path = Frameworks/Firebase/FirebaseDatabase.framework; sourceTree = "<group>"; };
		0A1440291DEB8C7400461DBD /* FirebaseInstanceID.framework */ = {isa = PBXFileReference; lastKnownFileType = wrapper.framework; name = FirebaseInstanceID.framework; path = Frameworks/Firebase/FirebaseInstanceID.framework; sourceTree = "<group>"; };
		0A14402A1DEB8C7400461DBD /* GoogleInterchangeUtilities.framework */ = {isa = PBXFileReference; lastKnownFileType = wrapper.framework; name = GoogleInterchangeUtilities.framework; path = Frameworks/Firebase/GoogleInterchangeUtilities.framework; sourceTree = "<group>"; };
		0A14402B1DEB8C7400461DBD /* GoogleSymbolUtilities.framework */ = {isa = PBXFileReference; lastKnownFileType = wrapper.framework; name = GoogleSymbolUtilities.framework; path = Frameworks/Firebase/GoogleSymbolUtilities.framework; sourceTree = "<group>"; };
		0A14402C1DEB8C7400461DBD /* GoogleToolboxForMac.framework */ = {isa = PBXFileReference; lastKnownFileType = wrapper.framework; name = GoogleToolboxForMac.framework; path = Frameworks/Firebase/GoogleToolboxForMac.framework; sourceTree = "<group>"; };
		0A14402D1DEB8C7400461DBD /* module.modulemap */ = {isa = PBXFileReference; fileEncoding = 4; lastKnownFileType = "sourcecode.module-map"; name = module.modulemap; path = Frameworks/Firebase/module.modulemap; sourceTree = "<group>"; };
		0AB6429C1DEB40F70073E2D7 /* TouchHorse Dev.app */ = {isa = PBXFileReference; explicitFileType = wrapper.application; includeInIndex = 0; path = "TouchHorse Dev.app"; sourceTree = BUILT_PRODUCTS_DIR; };
		0AB6429F1DEB40F70073E2D7 /* AppDelegate.swift */ = {isa = PBXFileReference; lastKnownFileType = sourcecode.swift; path = AppDelegate.swift; sourceTree = "<group>"; };
		0AB642A11DEB40F70073E2D7 /* MainViewController.swift */ = {isa = PBXFileReference; lastKnownFileType = sourcecode.swift; path = MainViewController.swift; sourceTree = "<group>"; };
		0AB642A41DEB40F70073E2D7 /* Base */ = {isa = PBXFileReference; lastKnownFileType = file.storyboard; name = Base; path = Base.lproj/Main.storyboard; sourceTree = "<group>"; };
		0AB642A61DEB40F70073E2D7 /* Assets.xcassets */ = {isa = PBXFileReference; lastKnownFileType = folder.assetcatalog; path = Assets.xcassets; sourceTree = "<group>"; };
		0AB642A91DEB40F70073E2D7 /* Base */ = {isa = PBXFileReference; lastKnownFileType = file.storyboard; name = Base; path = Base.lproj/LaunchScreen.storyboard; sourceTree = "<group>"; };
		0AB642AB1DEB40F70073E2D7 /* Info.plist */ = {isa = PBXFileReference; lastKnownFileType = text.plist.xml; path = Info.plist; sourceTree = "<group>"; };
		0AB642B01DEB40F70073E2D7 /* TouchHorseTests.xctest */ = {isa = PBXFileReference; explicitFileType = wrapper.cfbundle; includeInIndex = 0; path = TouchHorseTests.xctest; sourceTree = BUILT_PRODUCTS_DIR; };
		0AB642B41DEB40F70073E2D7 /* TouchHorseTests.swift */ = {isa = PBXFileReference; lastKnownFileType = sourcecode.swift; path = TouchHorseTests.swift; sourceTree = "<group>"; };
		0AB642B61DEB40F70073E2D7 /* Info.plist */ = {isa = PBXFileReference; lastKnownFileType = text.plist.xml; path = Info.plist; sourceTree = "<group>"; };
		0AB642BB1DEB40F70073E2D7 /* TouchHorseUITests.xctest */ = {isa = PBXFileReference; explicitFileType = wrapper.cfbundle; includeInIndex = 0; path = TouchHorseUITests.xctest; sourceTree = BUILT_PRODUCTS_DIR; };
		0AB642BF1DEB40F70073E2D7 /* TouchHorseUITests.swift */ = {isa = PBXFileReference; lastKnownFileType = sourcecode.swift; path = TouchHorseUITests.swift; sourceTree = "<group>"; };
		0AB642C11DEB40F70073E2D7 /* Info.plist */ = {isa = PBXFileReference; lastKnownFileType = text.plist.xml; path = Info.plist; sourceTree = "<group>"; };
		0AB642D11DEB44FA0073E2D7 /* TouchView.swift */ = {isa = PBXFileReference; fileEncoding = 4; lastKnownFileType = sourcecode.swift; path = TouchView.swift; sourceTree = "<group>"; };
		0AB642D31DEB47110073E2D7 /* ProStylin.swift */ = {isa = PBXFileReference; fileEncoding = 4; lastKnownFileType = sourcecode.swift; path = ProStylin.swift; sourceTree = "<group>"; };
		0AB642D51DEB479D0073E2D7 /* UIHelpers.swift */ = {isa = PBXFileReference; fileEncoding = 4; lastKnownFileType = sourcecode.swift; path = UIHelpers.swift; sourceTree = "<group>"; };
		0AB642F21DEB6F5D0073E2D7 /* TouchHorse Release.app */ = {isa = PBXFileReference; explicitFileType = wrapper.application; includeInIndex = 0; path = "TouchHorse Release.app"; sourceTree = BUILT_PRODUCTS_DIR; };
		0AB6433B1DEB886C0073E2D7 /* TouchHorse Dev-Bridging-Header.h */ = {isa = PBXFileReference; lastKnownFileType = sourcecode.c.h; path = "TouchHorse Dev-Bridging-Header.h"; sourceTree = SOURCE_ROOT; };
		0AB6433C1DEB886C0073E2D7 /* TouchHorse Release-Bridging-Header.h */ = {isa = PBXFileReference; lastKnownFileType = sourcecode.c.h; path = "TouchHorse Release-Bridging-Header.h"; sourceTree = SOURCE_ROOT; };
/* End PBXFileReference section */

/* Begin PBXFrameworksBuildPhase section */
		0AB642991DEB40F70073E2D7 /* Frameworks */ = {
			isa = PBXFrameworksBuildPhase;
			buildActionMask = 2147483647;
			files = (
				0A1440381DEB8C7400461DBD /* GoogleSymbolUtilities.framework in Frameworks */,
				0A1440321DEB8C7400461DBD /* FirebaseDatabase.framework in Frameworks */,
				0A1440361DEB8C7400461DBD /* GoogleInterchangeUtilities.framework in Frameworks */,
				0A1440461DEB8D6100461DBD /* Telekinesis.framework in Frameworks */,
				0A14402E1DEB8C7400461DBD /* FirebaseAnalytics.framework in Frameworks */,
				0A1440301DEB8C7400461DBD /* FirebaseCore.framework in Frameworks */,
				0A1440441DEB8D3000461DBD /* PromiseKit.framework in Frameworks */,
				0A1440341DEB8C7400461DBD /* FirebaseInstanceID.framework in Frameworks */,
				0A1440141DEB8C3400461DBD /* SwiftyBeaver.framework in Frameworks */,
				0A14403A1DEB8C7400461DBD /* GoogleToolboxForMac.framework in Frameworks */,
			);
			runOnlyForDeploymentPostprocessing = 0;
		};
		0AB642AD1DEB40F70073E2D7 /* Frameworks */ = {
			isa = PBXFrameworksBuildPhase;
			buildActionMask = 2147483647;
			files = (
			);
			runOnlyForDeploymentPostprocessing = 0;
		};
		0AB642B81DEB40F70073E2D7 /* Frameworks */ = {
			isa = PBXFrameworksBuildPhase;
			buildActionMask = 2147483647;
			files = (
			);
			runOnlyForDeploymentPostprocessing = 0;
		};
		0AB642E61DEB6F5D0073E2D7 /* Frameworks */ = {
			isa = PBXFrameworksBuildPhase;
			buildActionMask = 2147483647;
			files = (
				0A1440391DEB8C7400461DBD /* GoogleSymbolUtilities.framework in Frameworks */,
				0A14403E1DEB8CC400461DBD /* SwiftyBeaver.framework in Frameworks */,
				0A1440331DEB8C7400461DBD /* FirebaseDatabase.framework in Frameworks */,
				0A1440371DEB8C7400461DBD /* GoogleInterchangeUtilities.framework in Frameworks */,
				0A14402F1DEB8C7400461DBD /* FirebaseAnalytics.framework in Frameworks */,
				0A1440311DEB8C7400461DBD /* FirebaseCore.framework in Frameworks */,
				0A1440351DEB8C7400461DBD /* FirebaseInstanceID.framework in Frameworks */,
				0A14403C1DEB8CC400461DBD /* PromiseKit.framework in Frameworks */,
				0A14403B1DEB8C7400461DBD /* GoogleToolboxForMac.framework in Frameworks */,
			);
			runOnlyForDeploymentPostprocessing = 0;
		};
/* End PBXFrameworksBuildPhase section */

/* Begin PBXGroup section */
		0A1440241DEB8C6B00461DBD /* Firebase */ = {
			isa = PBXGroup;
			children = (
				0A1440251DEB8C7400461DBD /* Firebase.h */,
				0A1440261DEB8C7400461DBD /* FirebaseAnalytics.framework */,
				0A1440271DEB8C7400461DBD /* FirebaseCore.framework */,
				0A1440281DEB8C7400461DBD /* FirebaseDatabase.framework */,
				0A1440291DEB8C7400461DBD /* FirebaseInstanceID.framework */,
				0A14402A1DEB8C7400461DBD /* GoogleInterchangeUtilities.framework */,
				0A14402B1DEB8C7400461DBD /* GoogleSymbolUtilities.framework */,
				0A14402C1DEB8C7400461DBD /* GoogleToolboxForMac.framework */,
				0A14402D1DEB8C7400461DBD /* module.modulemap */,
			);
			name = Firebase;
			sourceTree = "<group>";
		};
		0AB642931DEB40F70073E2D7 = {
			isa = PBXGroup;
			children = (
				0AB6429E1DEB40F70073E2D7 /* TouchHorse */,
				0AB642B31DEB40F70073E2D7 /* TouchHorseTests */,
				0AB642BE1DEB40F70073E2D7 /* TouchHorseUITests */,
				0AB6429D1DEB40F70073E2D7 /* Products */,
				0AB642D71DEB6DF70073E2D7 /* Frameworks */,
			);
			sourceTree = "<group>";
		};
		0AB6429D1DEB40F70073E2D7 /* Products */ = {
			isa = PBXGroup;
			children = (
				0AB6429C1DEB40F70073E2D7 /* TouchHorse Dev.app */,
				0AB642B01DEB40F70073E2D7 /* TouchHorseTests.xctest */,
				0AB642BB1DEB40F70073E2D7 /* TouchHorseUITests.xctest */,
				0AB642F21DEB6F5D0073E2D7 /* TouchHorse Release.app */,
			);
			name = Products;
			sourceTree = "<group>";
		};
		0AB6429E1DEB40F70073E2D7 /* TouchHorse */ = {
			isa = PBXGroup;
			children = (
				0AB642AB1DEB40F70073E2D7 /* Info.plist */,
				0AB6433B1DEB886C0073E2D7 /* TouchHorse Dev-Bridging-Header.h */,
				0AB6433C1DEB886C0073E2D7 /* TouchHorse Release-Bridging-Header.h */,
				0AB642D01DEB429D0073E2D7 /* Assets */,
				0AB642CE1DEB428F0073E2D7 /* UI */,
				0AB642CF1DEB42970073E2D7 /* Source */,
			);
			path = TouchHorse;
			sourceTree = "<group>";
		};
		0AB642B31DEB40F70073E2D7 /* TouchHorseTests */ = {
			isa = PBXGroup;
			children = (
				0AB642B41DEB40F70073E2D7 /* TouchHorseTests.swift */,
				0AB642B61DEB40F70073E2D7 /* Info.plist */,
			);
			path = TouchHorseTests;
			sourceTree = "<group>";
		};
		0AB642BE1DEB40F70073E2D7 /* TouchHorseUITests */ = {
			isa = PBXGroup;
			children = (
				0AB642BF1DEB40F70073E2D7 /* TouchHorseUITests.swift */,
				0AB642C11DEB40F70073E2D7 /* Info.plist */,
			);
			path = TouchHorseUITests;
			sourceTree = "<group>";
		};
		0AB642CE1DEB428F0073E2D7 /* UI */ = {
			isa = PBXGroup;
			children = (
				0AB642A31DEB40F70073E2D7 /* Main.storyboard */,
				0AB642A81DEB40F70073E2D7 /* LaunchScreen.storyboard */,
			);
			name = UI;
			sourceTree = "<group>";
		};
		0AB642CF1DEB42970073E2D7 /* Source */ = {
			isa = PBXGroup;
			children = (
				0AB6429F1DEB40F70073E2D7 /* AppDelegate.swift */,
				0AB642A11DEB40F70073E2D7 /* MainViewController.swift */,
				0AB642D11DEB44FA0073E2D7 /* TouchView.swift */,
				0AB642D51DEB479D0073E2D7 /* UIHelpers.swift */,
			);
			name = Source;
			sourceTree = "<group>";
		};
		0AB642D01DEB429D0073E2D7 /* Assets */ = {
			isa = PBXGroup;
			children = (
				0AB642D31DEB47110073E2D7 /* ProStylin.swift */,
				0AB642A61DEB40F70073E2D7 /* Assets.xcassets */,
			);
			name = Assets;
			sourceTree = "<group>";
		};
		0AB642D71DEB6DF70073E2D7 /* Frameworks */ = {
			isa = PBXGroup;
			children = (
				0A1440241DEB8C6B00461DBD /* Firebase */,
				0A14400D1DEB8C2700461DBD /* PromiseKit.framework */,
				0A14400E1DEB8C2700461DBD /* SwiftyBeaver.framework */,
				0A14400A1DEB8C1A00461DBD /* Telekinesis.framework */,
			);
			name = Frameworks;
			sourceTree = "<group>";
		};
/* End PBXGroup section */

/* Begin PBXNativeTarget section */
		0AB6429B1DEB40F70073E2D7 /* TouchHorse Dev */ = {
			isa = PBXNativeTarget;
			buildConfigurationList = 0AB642C41DEB40F70073E2D7 /* Build configuration list for PBXNativeTarget "TouchHorse Dev" */;
			buildPhases = (
				0AB642981DEB40F70073E2D7 /* Sources */,
				0AB642991DEB40F70073E2D7 /* Frameworks */,
				0AB6429A1DEB40F70073E2D7 /* Resources */,
				0AB642CD1DEB41830073E2D7 /* Auto-Increment Build # */,
				0A1440431DEB8CF700461DBD /* Embed Frameworks */,
			);
			buildRules = (
			);
			dependencies = (
			);
			name = "TouchHorse Dev";
			productName = TouchHorse;
			productReference = 0AB6429C1DEB40F70073E2D7 /* TouchHorse Dev.app */;
			productType = "com.apple.product-type.application";
		};
		0AB642AF1DEB40F70073E2D7 /* TouchHorseTests */ = {
			isa = PBXNativeTarget;
			buildConfigurationList = 0AB642C71DEB40F70073E2D7 /* Build configuration list for PBXNativeTarget "TouchHorseTests" */;
			buildPhases = (
				0AB642AC1DEB40F70073E2D7 /* Sources */,
				0AB642AD1DEB40F70073E2D7 /* Frameworks */,
				0AB642AE1DEB40F70073E2D7 /* Resources */,
			);
			buildRules = (
			);
			dependencies = (
				0AB642B21DEB40F70073E2D7 /* PBXTargetDependency */,
			);
			name = TouchHorseTests;
			productName = TouchHorseTests;
			productReference = 0AB642B01DEB40F70073E2D7 /* TouchHorseTests.xctest */;
			productType = "com.apple.product-type.bundle.unit-test";
		};
		0AB642BA1DEB40F70073E2D7 /* TouchHorseUITests */ = {
			isa = PBXNativeTarget;
			buildConfigurationList = 0AB642CA1DEB40F70073E2D7 /* Build configuration list for PBXNativeTarget "TouchHorseUITests" */;
			buildPhases = (
				0AB642B71DEB40F70073E2D7 /* Sources */,
				0AB642B81DEB40F70073E2D7 /* Frameworks */,
				0AB642B91DEB40F70073E2D7 /* Resources */,
			);
			buildRules = (
			);
			dependencies = (
				0AB642BD1DEB40F70073E2D7 /* PBXTargetDependency */,
			);
			name = TouchHorseUITests;
			productName = TouchHorseUITests;
			productReference = 0AB642BB1DEB40F70073E2D7 /* TouchHorseUITests.xctest */;
			productType = "com.apple.product-type.bundle.ui-testing";
		};
		0AB642DF1DEB6F5D0073E2D7 /* TouchHorse Release */ = {
			isa = PBXNativeTarget;
			buildConfigurationList = 0AB642EF1DEB6F5D0073E2D7 /* Build configuration list for PBXNativeTarget "TouchHorse Release" */;
			buildPhases = (
				0AB642E01DEB6F5D0073E2D7 /* Sources */,
				0AB642E61DEB6F5D0073E2D7 /* Frameworks */,
				0AB642E81DEB6F5D0073E2D7 /* Resources */,
				0AB642EC1DEB6F5D0073E2D7 /* Auto-Increment Build # */,
			);
			buildRules = (
			);
			dependencies = (
			);
			name = "TouchHorse Release";
			productName = TouchHorse;
			productReference = 0AB642F21DEB6F5D0073E2D7 /* TouchHorse Release.app */;
			productType = "com.apple.product-type.application";
		};
/* End PBXNativeTarget section */

/* Begin PBXProject section */
		0AB642941DEB40F70073E2D7 /* Project object */ = {
			isa = PBXProject;
			attributes = {
				LastSwiftUpdateCheck = 0810;
				LastUpgradeCheck = 0810;
				ORGANIZATIONNAME = "Kevin Sullivan";
				TargetAttributes = {
					0AB6429B1DEB40F70073E2D7 = {
						CreatedOnToolsVersion = 8.1;
						DevelopmentTeam = S7BT87895F;
						LastSwiftMigration = 0810;
						ProvisioningStyle = Automatic;
					};
					0AB642AF1DEB40F70073E2D7 = {
						CreatedOnToolsVersion = 8.1;
						DevelopmentTeam = ENK6LV73Q6;
						ProvisioningStyle = Automatic;
						TestTargetID = 0AB6429B1DEB40F70073E2D7;
					};
					0AB642BA1DEB40F70073E2D7 = {
						CreatedOnToolsVersion = 8.1;
						DevelopmentTeam = ENK6LV73Q6;
						ProvisioningStyle = Automatic;
						TestTargetID = 0AB6429B1DEB40F70073E2D7;
					};
					0AB642DF1DEB6F5D0073E2D7 = {
						DevelopmentTeam = S7BT87895F;
						LastSwiftMigration = 0810;
					};
				};
			};
			buildConfigurationList = 0AB642971DEB40F70073E2D7 /* Build configuration list for PBXProject "TouchHorse" */;
			compatibilityVersion = "Xcode 3.2";
			developmentRegion = English;
			hasScannedForEncodings = 0;
			knownRegions = (
				en,
				Base,
			);
			mainGroup = 0AB642931DEB40F70073E2D7;
			productRefGroup = 0AB6429D1DEB40F70073E2D7 /* Products */;
			projectDirPath = "";
			projectRoot = "";
			targets = (
				0AB6429B1DEB40F70073E2D7 /* TouchHorse Dev */,
				0AB642DF1DEB6F5D0073E2D7 /* TouchHorse Release */,
				0AB642AF1DEB40F70073E2D7 /* TouchHorseTests */,
				0AB642BA1DEB40F70073E2D7 /* TouchHorseUITests */,
			);
		};
/* End PBXProject section */

/* Begin PBXResourcesBuildPhase section */
		0AB6429A1DEB40F70073E2D7 /* Resources */ = {
			isa = PBXResourcesBuildPhase;
			buildActionMask = 2147483647;
			files = (
				0AB642AA1DEB40F70073E2D7 /* LaunchScreen.storyboard in Resources */,
				0AB642A71DEB40F70073E2D7 /* Assets.xcassets in Resources */,
				0AB642A51DEB40F70073E2D7 /* Main.storyboard in Resources */,
			);
			runOnlyForDeploymentPostprocessing = 0;
		};
		0AB642AE1DEB40F70073E2D7 /* Resources */ = {
			isa = PBXResourcesBuildPhase;
			buildActionMask = 2147483647;
			files = (
			);
			runOnlyForDeploymentPostprocessing = 0;
		};
		0AB642B91DEB40F70073E2D7 /* Resources */ = {
			isa = PBXResourcesBuildPhase;
			buildActionMask = 2147483647;
			files = (
			);
			runOnlyForDeploymentPostprocessing = 0;
		};
		0AB642E81DEB6F5D0073E2D7 /* Resources */ = {
			isa = PBXResourcesBuildPhase;
			buildActionMask = 2147483647;
			files = (
				0AB642E91DEB6F5D0073E2D7 /* LaunchScreen.storyboard in Resources */,
				0AB642EA1DEB6F5D0073E2D7 /* Assets.xcassets in Resources */,
				0AB642EB1DEB6F5D0073E2D7 /* Main.storyboard in Resources */,
			);
			runOnlyForDeploymentPostprocessing = 0;
		};
/* End PBXResourcesBuildPhase section */

/* Begin PBXShellScriptBuildPhase section */
		0AB642CD1DEB41830073E2D7 /* Auto-Increment Build # */ = {
			isa = PBXShellScriptBuildPhase;
			buildActionMask = 2147483647;
			files = (
			);
			inputPaths = (
			);
			name = "Auto-Increment Build #";
			outputPaths = (
			);
			runOnlyForDeploymentPostprocessing = 0;
			shellPath = /bin/sh;
			shellScript = "versionNumber=$(/usr/libexec/PlistBuddy -c \"Print CFBundleShortVersionString\" \"$INFOPLIST_FILE\")\nbuildNumber=$(/usr/libexec/PlistBuddy -c \"Print CFBundleVersion\" \"$INFOPLIST_FILE\")\nbuildNumber=$(($buildNumber + 1))\n/usr/libexec/PlistBuddy -c \"Set :CFBundleVersion $buildNumber\" \"$INFOPLIST_FILE\"";
		};
		0AB642EC1DEB6F5D0073E2D7 /* Auto-Increment Build # */ = {
			isa = PBXShellScriptBuildPhase;
			buildActionMask = 2147483647;
			files = (
			);
			inputPaths = (
			);
			name = "Auto-Increment Build #";
			outputPaths = (
			);
			runOnlyForDeploymentPostprocessing = 0;
			shellPath = /bin/sh;
			shellScript = "versionNumber=$(/usr/libexec/PlistBuddy -c \"Print CFBundleShortVersionString\" \"$INFOPLIST_FILE\")\nbuildNumber=$(/usr/libexec/PlistBuddy -c \"Print CFBundleVersion\" \"$INFOPLIST_FILE\")\nbuildNumber=$(($buildNumber + 1))\n/usr/libexec/PlistBuddy -c \"Set :CFBundleVersion $buildNumber\" \"$INFOPLIST_FILE\"";
		};
/* End PBXShellScriptBuildPhase section */

/* Begin PBXSourcesBuildPhase section */
		0AB642981DEB40F70073E2D7 /* Sources */ = {
			isa = PBXSourcesBuildPhase;
			buildActionMask = 2147483647;
			files = (
				0AB642A21DEB40F70073E2D7 /* MainViewController.swift in Sources */,
				0AB642D61DEB479D0073E2D7 /* UIHelpers.swift in Sources */,
				0AB642D21DEB44FA0073E2D7 /* TouchView.swift in Sources */,
				0AB642D41DEB47110073E2D7 /* ProStylin.swift in Sources */,
				0AB642A01DEB40F70073E2D7 /* AppDelegate.swift in Sources */,
			);
			runOnlyForDeploymentPostprocessing = 0;
		};
		0AB642AC1DEB40F70073E2D7 /* Sources */ = {
			isa = PBXSourcesBuildPhase;
			buildActionMask = 2147483647;
			files = (
				0AB642B51DEB40F70073E2D7 /* TouchHorseTests.swift in Sources */,
			);
			runOnlyForDeploymentPostprocessing = 0;
		};
		0AB642B71DEB40F70073E2D7 /* Sources */ = {
			isa = PBXSourcesBuildPhase;
			buildActionMask = 2147483647;
			files = (
				0AB642C01DEB40F70073E2D7 /* TouchHorseUITests.swift in Sources */,
			);
			runOnlyForDeploymentPostprocessing = 0;
		};
		0AB642E01DEB6F5D0073E2D7 /* Sources */ = {
			isa = PBXSourcesBuildPhase;
			buildActionMask = 2147483647;
			files = (
				0AB642E11DEB6F5D0073E2D7 /* MainViewController.swift in Sources */,
				0AB642E21DEB6F5D0073E2D7 /* UIHelpers.swift in Sources */,
				0AB642E31DEB6F5D0073E2D7 /* TouchView.swift in Sources */,
				0AB642E41DEB6F5D0073E2D7 /* ProStylin.swift in Sources */,
				0AB642E51DEB6F5D0073E2D7 /* AppDelegate.swift in Sources */,
			);
			runOnlyForDeploymentPostprocessing = 0;
		};
/* End PBXSourcesBuildPhase section */

/* Begin PBXTargetDependency section */
		0AB642B21DEB40F70073E2D7 /* PBXTargetDependency */ = {
			isa = PBXTargetDependency;
			target = 0AB6429B1DEB40F70073E2D7 /* TouchHorse Dev */;
			targetProxy = 0AB642B11DEB40F70073E2D7 /* PBXContainerItemProxy */;
		};
		0AB642BD1DEB40F70073E2D7 /* PBXTargetDependency */ = {
			isa = PBXTargetDependency;
			target = 0AB6429B1DEB40F70073E2D7 /* TouchHorse Dev */;
			targetProxy = 0AB642BC1DEB40F70073E2D7 /* PBXContainerItemProxy */;
		};
/* End PBXTargetDependency section */

/* Begin PBXVariantGroup section */
		0AB642A31DEB40F70073E2D7 /* Main.storyboard */ = {
			isa = PBXVariantGroup;
			children = (
				0AB642A41DEB40F70073E2D7 /* Base */,
			);
			name = Main.storyboard;
			sourceTree = "<group>";
		};
		0AB642A81DEB40F70073E2D7 /* LaunchScreen.storyboard */ = {
			isa = PBXVariantGroup;
			children = (
				0AB642A91DEB40F70073E2D7 /* Base */,
			);
			name = LaunchScreen.storyboard;
			sourceTree = "<group>";
		};
/* End PBXVariantGroup section */

/* Begin XCBuildConfiguration section */
		0AB642C21DEB40F70073E2D7 /* Debug */ = {
			isa = XCBuildConfiguration;
			buildSettings = {
				ALWAYS_SEARCH_USER_PATHS = NO;
				CLANG_ANALYZER_NONNULL = YES;
				CLANG_CXX_LANGUAGE_STANDARD = "gnu++0x";
				CLANG_CXX_LIBRARY = "libc++";
				CLANG_ENABLE_MODULES = YES;
				CLANG_ENABLE_OBJC_ARC = YES;
				CLANG_WARN_BOOL_CONVERSION = YES;
				CLANG_WARN_CONSTANT_CONVERSION = YES;
				CLANG_WARN_DIRECT_OBJC_ISA_USAGE = YES_ERROR;
				CLANG_WARN_DOCUMENTATION_COMMENTS = YES;
				CLANG_WARN_EMPTY_BODY = YES;
				CLANG_WARN_ENUM_CONVERSION = YES;
				CLANG_WARN_INFINITE_RECURSION = YES;
				CLANG_WARN_INT_CONVERSION = YES;
				CLANG_WARN_OBJC_ROOT_CLASS = YES_ERROR;
				CLANG_WARN_SUSPICIOUS_MOVES = YES;
				CLANG_WARN_UNREACHABLE_CODE = YES;
				CLANG_WARN__DUPLICATE_METHOD_MATCH = YES;
				"CODE_SIGN_IDENTITY[sdk=iphoneos*]" = "iPhone Developer";
				COPY_PHASE_STRIP = NO;
				DEBUG_INFORMATION_FORMAT = dwarf;
				ENABLE_STRICT_OBJC_MSGSEND = YES;
				ENABLE_TESTABILITY = YES;
				GCC_C_LANGUAGE_STANDARD = gnu99;
				GCC_DYNAMIC_NO_PIC = NO;
				GCC_NO_COMMON_BLOCKS = YES;
				GCC_OPTIMIZATION_LEVEL = 0;
				GCC_PREPROCESSOR_DEFINITIONS = (
					"DEBUG=1",
					"$(inherited)",
				);
				GCC_WARN_64_TO_32_BIT_CONVERSION = YES;
				GCC_WARN_ABOUT_RETURN_TYPE = YES_ERROR;
				GCC_WARN_UNDECLARED_SELECTOR = YES;
				GCC_WARN_UNINITIALIZED_AUTOS = YES_AGGRESSIVE;
				GCC_WARN_UNUSED_FUNCTION = YES;
				GCC_WARN_UNUSED_VARIABLE = YES;
				IPHONEOS_DEPLOYMENT_TARGET = 10.1;
				MTL_ENABLE_DEBUG_INFO = YES;
				ONLY_ACTIVE_ARCH = YES;
				OTHER_LDFLAGS = "-ObjC";
				SDKROOT = iphoneos;
				SWIFT_ACTIVE_COMPILATION_CONDITIONS = DEBUG;
				SWIFT_OPTIMIZATION_LEVEL = "-Onone";
				TARGETED_DEVICE_FAMILY = "1,2";
				USER_HEADER_SEARCH_PATHS = "$(PROJECT_DIR)/Frameworks";
			};
			name = Debug;
		};
		0AB642C31DEB40F70073E2D7 /* Release */ = {
			isa = XCBuildConfiguration;
			buildSettings = {
				ALWAYS_SEARCH_USER_PATHS = NO;
				CLANG_ANALYZER_NONNULL = YES;
				CLANG_CXX_LANGUAGE_STANDARD = "gnu++0x";
				CLANG_CXX_LIBRARY = "libc++";
				CLANG_ENABLE_MODULES = YES;
				CLANG_ENABLE_OBJC_ARC = YES;
				CLANG_WARN_BOOL_CONVERSION = YES;
				CLANG_WARN_CONSTANT_CONVERSION = YES;
				CLANG_WARN_DIRECT_OBJC_ISA_USAGE = YES_ERROR;
				CLANG_WARN_DOCUMENTATION_COMMENTS = YES;
				CLANG_WARN_EMPTY_BODY = YES;
				CLANG_WARN_ENUM_CONVERSION = YES;
				CLANG_WARN_INFINITE_RECURSION = YES;
				CLANG_WARN_INT_CONVERSION = YES;
				CLANG_WARN_OBJC_ROOT_CLASS = YES_ERROR;
				CLANG_WARN_SUSPICIOUS_MOVES = YES;
				CLANG_WARN_UNREACHABLE_CODE = YES;
				CLANG_WARN__DUPLICATE_METHOD_MATCH = YES;
				"CODE_SIGN_IDENTITY[sdk=iphoneos*]" = "iPhone Developer";
				COPY_PHASE_STRIP = NO;
				DEBUG_INFORMATION_FORMAT = "dwarf-with-dsym";
				ENABLE_NS_ASSERTIONS = NO;
				ENABLE_STRICT_OBJC_MSGSEND = YES;
				GCC_C_LANGUAGE_STANDARD = gnu99;
				GCC_NO_COMMON_BLOCKS = YES;
				GCC_WARN_64_TO_32_BIT_CONVERSION = YES;
				GCC_WARN_ABOUT_RETURN_TYPE = YES_ERROR;
				GCC_WARN_UNDECLARED_SELECTOR = YES;
				GCC_WARN_UNINITIALIZED_AUTOS = YES_AGGRESSIVE;
				GCC_WARN_UNUSED_FUNCTION = YES;
				GCC_WARN_UNUSED_VARIABLE = YES;
				IPHONEOS_DEPLOYMENT_TARGET = 10.1;
				MTL_ENABLE_DEBUG_INFO = NO;
				OTHER_LDFLAGS = "-ObjC";
				SDKROOT = iphoneos;
				SWIFT_OPTIMIZATION_LEVEL = "-Owholemodule";
				TARGETED_DEVICE_FAMILY = "1,2";
				USER_HEADER_SEARCH_PATHS = "$(PROJECT_DIR)/Frameworks";
				VALIDATE_PRODUCT = YES;
			};
			name = Release;
		};
		0AB642C51DEB40F70073E2D7 /* Debug */ = {
			isa = XCBuildConfiguration;
			buildSettings = {
				ASSETCATALOG_COMPILER_APPICON_NAME = AppIcon;
				CLANG_ENABLE_MODULES = YES;
				DEVELOPMENT_TEAM = S7BT87895F;
				FRAMEWORK_SEARCH_PATHS = (
					"$(inherited)",
					"$(PROJECT_DIR)/Frameworks",
					"$(PROJECT_DIR)/Carthage/Build/iOS",
					"$(PROJECT_DIR)/Frameworks/Firebase",
				);
				INFOPLIST_FILE = TouchHorse/Info.plist;
				LD_RUNPATH_SEARCH_PATHS = "$(inherited) @executable_path/Frameworks";
				PRODUCT_BUNDLE_IDENTIFIER = com.sideapps.TouchHorse;
				PRODUCT_NAME = "$(TARGET_NAME)";
				SWIFT_OBJC_BRIDGING_HEADER = "TouchHorse Dev-Bridging-Header.h";
				SWIFT_OPTIMIZATION_LEVEL = "-Onone";
				SWIFT_VERSION = 3.0;
			};
			name = Debug;
		};
		0AB642C61DEB40F70073E2D7 /* Release */ = {
			isa = XCBuildConfiguration;
			buildSettings = {
				ASSETCATALOG_COMPILER_APPICON_NAME = AppIcon;
				CLANG_ENABLE_MODULES = YES;
				DEVELOPMENT_TEAM = S7BT87895F;
				FRAMEWORK_SEARCH_PATHS = (
					"$(inherited)",
					"$(PROJECT_DIR)/Frameworks",
					"$(PROJECT_DIR)/Carthage/Build/iOS",
					"$(PROJECT_DIR)/Frameworks/Firebase",
				);
				INFOPLIST_FILE = TouchHorse/Info.plist;
				LD_RUNPATH_SEARCH_PATHS = "$(inherited) @executable_path/Frameworks";
				PRODUCT_BUNDLE_IDENTIFIER = com.sideapps.TouchHorse;
				PRODUCT_NAME = "$(TARGET_NAME)";
				SWIFT_OBJC_BRIDGING_HEADER = "TouchHorse Dev-Bridging-Header.h";
				SWIFT_VERSION = 3.0;
			};
			name = Release;
		};
		0AB642C81DEB40F70073E2D7 /* Debug */ = {
			isa = XCBuildConfiguration;
			buildSettings = {
				ALWAYS_EMBED_SWIFT_STANDARD_LIBRARIES = YES;
				BUNDLE_LOADER = "$(TEST_HOST)";
				DEVELOPMENT_TEAM = ENK6LV73Q6;
				INFOPLIST_FILE = TouchHorseTests/Info.plist;
				LD_RUNPATH_SEARCH_PATHS = "$(inherited) @executable_path/Frameworks @loader_path/Frameworks";
				PRODUCT_BUNDLE_IDENTIFIER = com.sideapps.TouchHorseTests;
				PRODUCT_NAME = "$(TARGET_NAME)";
				SWIFT_VERSION = 3.0;
				TEST_HOST = "$(BUILT_PRODUCTS_DIR)/TouchHorse.app/TouchHorse";
			};
			name = Debug;
		};
		0AB642C91DEB40F70073E2D7 /* Release */ = {
			isa = XCBuildConfiguration;
			buildSettings = {
				ALWAYS_EMBED_SWIFT_STANDARD_LIBRARIES = YES;
				BUNDLE_LOADER = "$(TEST_HOST)";
				DEVELOPMENT_TEAM = ENK6LV73Q6;
				INFOPLIST_FILE = TouchHorseTests/Info.plist;
				LD_RUNPATH_SEARCH_PATHS = "$(inherited) @executable_path/Frameworks @loader_path/Frameworks";
				PRODUCT_BUNDLE_IDENTIFIER = com.sideapps.TouchHorseTests;
				PRODUCT_NAME = "$(TARGET_NAME)";
				SWIFT_VERSION = 3.0;
				TEST_HOST = "$(BUILT_PRODUCTS_DIR)/TouchHorse.app/TouchHorse";
			};
			name = Release;
		};
		0AB642CB1DEB40F70073E2D7 /* Debug */ = {
			isa = XCBuildConfiguration;
			buildSettings = {
				ALWAYS_EMBED_SWIFT_STANDARD_LIBRARIES = YES;
				DEVELOPMENT_TEAM = ENK6LV73Q6;
				INFOPLIST_FILE = TouchHorseUITests/Info.plist;
				LD_RUNPATH_SEARCH_PATHS = "$(inherited) @executable_path/Frameworks @loader_path/Frameworks";
				PRODUCT_BUNDLE_IDENTIFIER = com.sideapps.TouchHorseUITests;
				PRODUCT_NAME = "$(TARGET_NAME)";
				SWIFT_VERSION = 3.0;
				TEST_TARGET_NAME = TouchHorse;
			};
			name = Debug;
		};
		0AB642CC1DEB40F70073E2D7 /* Release */ = {
			isa = XCBuildConfiguration;
			buildSettings = {
				ALWAYS_EMBED_SWIFT_STANDARD_LIBRARIES = YES;
				DEVELOPMENT_TEAM = ENK6LV73Q6;
				INFOPLIST_FILE = TouchHorseUITests/Info.plist;
				LD_RUNPATH_SEARCH_PATHS = "$(inherited) @executable_path/Frameworks @loader_path/Frameworks";
				PRODUCT_BUNDLE_IDENTIFIER = com.sideapps.TouchHorseUITests;
				PRODUCT_NAME = "$(TARGET_NAME)";
				SWIFT_VERSION = 3.0;
				TEST_TARGET_NAME = TouchHorse;
			};
			name = Release;
		};
		0AB642F01DEB6F5D0073E2D7 /* Debug */ = {
			isa = XCBuildConfiguration;
			buildSettings = {
				ASSETCATALOG_COMPILER_APPICON_NAME = AppIcon;
				CLANG_ENABLE_MODULES = YES;
				DEVELOPMENT_TEAM = S7BT87895F;
				FRAMEWORK_SEARCH_PATHS = (
					"$(inherited)",
					"$(PROJECT_DIR)/Frameworks",
					"$(PROJECT_DIR)/Carthage/Build/iOS",
					"$(PROJECT_DIR)/Frameworks/Firebase",
				);
				INFOPLIST_FILE = TouchHorse/Info.plist;
				LD_RUNPATH_SEARCH_PATHS = "$(inherited) @executable_path/Frameworks";
				PRODUCT_BUNDLE_IDENTIFIER = com.sideapps.TouchHorse;
				PRODUCT_NAME = "$(TARGET_NAME)";
				SWIFT_OBJC_BRIDGING_HEADER = "TouchHorse Release-Bridging-Header.h";
				SWIFT_OPTIMIZATION_LEVEL = "-Onone";
				SWIFT_VERSION = 3.0;
			};
			name = Debug;
		};
		0AB642F11DEB6F5D0073E2D7 /* Release */ = {
			isa = XCBuildConfiguration;
			buildSettings = {
				ASSETCATALOG_COMPILER_APPICON_NAME = AppIcon;
				CLANG_ENABLE_MODULES = YES;
				DEVELOPMENT_TEAM = S7BT87895F;
				FRAMEWORK_SEARCH_PATHS = (
					"$(inherited)",
					"$(PROJECT_DIR)/Frameworks",
					"$(PROJECT_DIR)/Carthage/Build/iOS",
					"$(PROJECT_DIR)/Frameworks/Firebase",
				);
				INFOPLIST_FILE = TouchHorse/Info.plist;
				LD_RUNPATH_SEARCH_PATHS = "$(inherited) @executable_path/Frameworks";
				PRODUCT_BUNDLE_IDENTIFIER = com.sideapps.TouchHorse;
				PRODUCT_NAME = "$(TARGET_NAME)";
				SWIFT_OBJC_BRIDGING_HEADER = "TouchHorse Release-Bridging-Header.h";
				SWIFT_VERSION = 3.0;
			};
			name = Release;
		};
/* End XCBuildConfiguration section */

/* Begin XCConfigurationList section */
		0AB642971DEB40F70073E2D7 /* Build configuration list for PBXProject "TouchHorse" */ = {
			isa = XCConfigurationList;
			buildConfigurations = (
				0AB642C21DEB40F70073E2D7 /* Debug */,
				0AB642C31DEB40F70073E2D7 /* Release */,
			);
			defaultConfigurationIsVisible = 0;
			defaultConfigurationName = Release;
		};
		0AB642C41DEB40F70073E2D7 /* Build configuration list for PBXNativeTarget "TouchHorse Dev" */ = {
			isa = XCConfigurationList;
			buildConfigurations = (
				0AB642C51DEB40F70073E2D7 /* Debug */,
				0AB642C61DEB40F70073E2D7 /* Release */,
			);
			defaultConfigurationIsVisible = 0;
			defaultConfigurationName = Release;
		};
		0AB642C71DEB40F70073E2D7 /* Build configuration list for PBXNativeTarget "TouchHorseTests" */ = {
			isa = XCConfigurationList;
			buildConfigurations = (
				0AB642C81DEB40F70073E2D7 /* Debug */,
				0AB642C91DEB40F70073E2D7 /* Release */,
			);
			defaultConfigurationIsVisible = 0;
			defaultConfigurationName = Release;
		};
		0AB642CA1DEB40F70073E2D7 /* Build configuration list for PBXNativeTarget "TouchHorseUITests" */ = {
			isa = XCConfigurationList;
			buildConfigurations = (
				0AB642CB1DEB40F70073E2D7 /* Debug */,
				0AB642CC1DEB40F70073E2D7 /* Release */,
			);
			defaultConfigurationIsVisible = 0;
			defaultConfigurationName = Release;
		};
		0AB642EF1DEB6F5D0073E2D7 /* Build configuration list for PBXNativeTarget "TouchHorse Release" */ = {
			isa = XCConfigurationList;
			buildConfigurations = (
				0AB642F01DEB6F5D0073E2D7 /* Debug */,
				0AB642F11DEB6F5D0073E2D7 /* Release */,
			);
			defaultConfigurationIsVisible = 0;
			defaultConfigurationName = Release;
		};
/* End XCConfigurationList section */
	};
	rootObject = 0AB642941DEB40F70073E2D7 /* Project object */;
}
